
Microsoft Visual Studio Solution File, Format Version 11.00
# Visual Studio 2010
Project("{8BC9CEB8-8B4A-11D0-8D11-00A0C91BC942}") = "BO_ZM_Nonhost_Menu", "BO_ZM_Nonhost_Menu\BO_ZM_Nonhost_Menu.vcxproj", "{0BBC4684-3A07-4BF3-AFF6-823695794091}"
EndProject
Global
	GlobalSection(SolutionConfigurationPlatforms) = preSolution
		Debug|PS3 = Debug|PS3
		Release|PS3 = Release|PS3
	EndGlobalSection
	GlobalSection(ProjectConfigurationPlatforms) = postSolution
		{0BBC4684-3A07-4BF3-AFF6-823695794091}.Debug|PS3.ActiveCfg = Debug|PS3
		{0BBC4684-3A07-4BF3-AFF6-823695794091}.Debug|PS3.Build.0 = Debug|PS3
		{0BBC4684-3A07-4BF3-AFF6-823695794091}.Release|PS3.ActiveCfg = Release|PS3
		{0BBC4684-3A07-4BF3-AFF6-823695794091}.Release|PS3.Build.0 = Release|PS3
	EndGlobalSection
	GlobalSection(SolutionProperties) = preSolution
		HideSolutionNode = FALSE
	EndGlobalSection
EndGlobal
